
Microsoft Visual Studio Solution File, Format Version 12.00
# Visual Studio Version 17
VisualStudioVersion = 17.1.32210.238
MinimumVisualStudioVersion = 10.0.40219.1
Project("{FAE04EC0-301F-11D3-BF4B-00C04F79EFBC}") = "webapp", "webapp.csproj", "{D869DFD4-9EE4-4288-8B82-676112AC565D}"
EndProject
Global
	GlobalSection(SolutionConfigurationPlatforms) = preSolution
		Debug|Any CPU = Debug|Any CPU
		Release|Any CPU = Release|Any CPU
	EndGlobalSection
	GlobalSection(ProjectConfigurationPlatforms) = postSolution
		{D869DFD4-9EE4-4288-8B82-676112AC565D}.Debug|Any CPU.ActiveCfg = Debug|Any CPU
		{D869DFD4-9EE4-4288-8B82-676112AC565D}.Debug|Any CPU.Build.0 = Debug|Any CPU
		{D869DFD4-9EE4-4288-8B82-676112AC565D}.Release|Any CPU.ActiveCfg = Release|Any CPU
		{D869DFD4-9EE4-4288-8B82-676112AC565D}.Release|Any CPU.Build.0 = Release|Any CPU
	EndGlobalSection
	GlobalSection(SolutionProperties) = preSolution
		HideSolutionNode = FALSE
	EndGlobalSection
	GlobalSection(ExtensibilityGlobals) = postSolution
		SolutionGuid = {5ED16332-482C-4BB6-AB15-02837E7A94F0}
	EndGlobalSection
EndGlobal
